{
  "name": "autolive",
  "lockfileVersion": 2,
  "requires": true,
  "packages": {
    "": {
      "devDependencies": {
        "@codemirror/lang-python": "^0.19.2",
        "@codemirror/state": "^0.19.1",
        "@codemirror/view": "^0.19.4"
      }
    },
    "node_modules/@codemirror/highlight": {
      "version": "0.19.4",
      "resolved": "https://registry.npmjs.org/@codemirror/highlight/-/highlight-0.19.4.tgz",
      "integrity": "sha512-M7QfcEJWbC9aMX23UvLjqJlnwxVe9mGVPogSFujIQ4lC2Rocqalkx3NkmNDsNV8Q4RYTVB4+XiRPosq1tIY0Pw==",
      "dev": true,
      "dependencies": {
        "@codemirror/language": "^0.19.0",
        "@codemirror/rangeset": "^0.19.0",
        "@codemirror/state": "^0.19.0",
        "@codemirror/view": "^0.19.0",
        "@lezer/common": "^0.15.0",
        "style-mod": "^4.0.0"
      }
    },
    "node_modules/@codemirror/lang-python": {
      "version": "0.19.2",
      "resolved": "https://registry.npmjs.org/@codemirror/lang-python/-/lang-python-0.19.2.tgz",
      "integrity": "sha512-qeDymHL97+pNxFiDrtaMFvd/dActt7sZjebPnrc8T2V1CcBkc2YkcaxEOD5dssM/rQ9dG9LqON/Nbk2fIxcapA==",
      "dev": true,
      "dependencies": {
        "@codemirror/highlight": "^0.19.0",
        "@codemirror/language": "^0.19.0",
        "@lezer/python": "^0.15.0"
      }
    },
    "node_modules/@codemirror/language": {
      "version": "0.19.2",
      "resolved": "https://registry.npmjs.org/@codemirror/language/-/language-0.19.2.tgz",
      "integrity": "sha512-Zz/gVezTknHhH2HcaMsYauxz06+3+IFU0nhhZmdTMcGbDL/ryQI2R543k9Zc58wA31lGa6uN+JzpZynEcGBwMQ==",
      "dev": true,
      "dependencies": {
        "@codemirror/state": "^0.19.0",
        "@codemirror/text": "^0.19.0",
        "@codemirror/view": "^0.19.0",
        "@lezer/common": "^0.15.0",
        "@lezer/lr": "^0.15.0"
      }
    },
    "node_modules/@codemirror/rangeset": {
      "version": "0.19.1",
      "resolved": "https://registry.npmjs.org/@codemirror/rangeset/-/rangeset-0.19.1.tgz",
      "integrity": "sha512-WaKTEw8JB/3QFlQzpdgRoklopcWvG8O/Xp+rxxOfFKYTaeaejpY/tjpyBBg+Ea65Ka3m7+pPp9d5j/oR2rd9NA==",
      "dev": true,
      "dependencies": {
        "@codemirror/state": "^0.19.0"
      }
    },
    "node_modules/@codemirror/state": {
      "version": "0.19.1",
      "resolved": "https://registry.npmjs.org/@codemirror/state/-/state-0.19.1.tgz",
      "integrity": "sha512-5NR6/h+pVp7d77F4rLpNWcYvARCvqXa1uayoNx06d1aEm6wy/K+3lxTg7taB/qaEKd+oCsSHjRL8oSE1Fm+nsw==",
      "dev": true,
      "dependencies": {
        "@codemirror/text": "^0.19.0"
      }
    },
    "node_modules/@codemirror/text": {
      "version": "0.19.2",
      "resolved": "https://registry.npmjs.org/@codemirror/text/-/text-0.19.2.tgz",
      "integrity": "sha512-nxMSwcMLan5OSfoK5cFrCeRWGq2mx/hUdybcP0XHbfM9l00xi9loJGo4bfZs8PJCEgF8LyEYVta+7yDzZAzHUw==",
      "dev": true
    },
    "node_modules/@codemirror/view": {
      "version": "0.19.4",
      "resolved": "https://registry.npmjs.org/@codemirror/view/-/view-0.19.4.tgz",
      "integrity": "sha512-yfJ6zdxQOnNIkZqrAyPPdU1/qeucjp5NzvfZfrI1X5niWvwd8re/o9MUeG+nvOmtac+uKmXYUU9dRZUFCAOcaQ==",
      "dev": true,
      "dependencies": {
        "@codemirror/rangeset": "^0.19.0",
        "@codemirror/state": "^0.19.0",
        "@codemirror/text": "^0.19.0",
        "style-mod": "^4.0.0",
        "w3c-keyname": "^2.2.4"
      }
    },
    "node_modules/@lezer/common": {
      "version": "0.15.4",
      "resolved": "https://registry.npmjs.org/@lezer/common/-/common-0.15.4.tgz",
      "integrity": "sha512-+n/fKtcvw2qp/WIaZCR2HNzoB70Pwa9hQ8xFU86sDbZr9PYf2HX0qaG3N9Q/XCQHJeaB+GOh/XY9jHMWw4h6Ow==",
      "dev": true
    },
    "node_modules/@lezer/lr": {
      "version": "0.15.2",
      "resolved": "https://registry.npmjs.org/@lezer/lr/-/lr-0.15.2.tgz",
      "integrity": "sha512-gkQUkKCAw/zxOiTCGhjctV/C+FPmfwqXscM9EGgcYhUZewkLu2AsEl2Vlcral7xtDU0t6xwakT6Fw5jlMvMX6Q==",
      "dev": true,
      "dependencies": {
        "@lezer/common": "^0.15.0"
      }
    },
    "node_modules/@lezer/python": {
      "version": "0.15.0",
      "resolved": "https://registry.npmjs.org/@lezer/python/-/python-0.15.0.tgz",
      "integrity": "sha512-KkbNfjLZCs/Ibx+3mekGu31qz+zCVkXHL+oNftRxB/lsINlz25SURR5z6wb94JpJt0yDFCEtn/2siAUybLOXiA==",
      "dev": true,
      "dependencies": {
        "@lezer/lr": "^0.15.0"
      }
    },
    "node_modules/style-mod": {
      "version": "4.0.0",
      "resolved": "https://registry.npmjs.org/style-mod/-/style-mod-4.0.0.tgz",
      "integrity": "sha512-OPhtyEjyyN9x3nhPsu76f52yUGXiZcgvsrFVtvTkyGRQJ0XK+GPc6ov1z+lRpbeabka+MYEQxOYRnt5nF30aMw==",
      "dev": true
    },
    "node_modules/w3c-keyname": {
      "version": "2.2.4",
      "resolved": "https://registry.npmjs.org/w3c-keyname/-/w3c-keyname-2.2.4.tgz",
      "integrity": "sha512-tOhfEwEzFLJzf6d1ZPkYfGj+FWhIpBux9ppoP3rlclw3Z0BZv3N7b7030Z1kYth+6rDuAsXUFr+d0VE6Ed1ikw==",
      "dev": true
    }
  },
  "dependencies": {
    "@codemirror/highlight": {
      "version": "0.19.4",
      "resolved": "https://registry.npmjs.org/@codemirror/highlight/-/highlight-0.19.4.tgz",
      "integrity": "sha512-M7QfcEJWbC9aMX23UvLjqJlnwxVe9mGVPogSFujIQ4lC2Rocqalkx3NkmNDsNV8Q4RYTVB4+XiRPosq1tIY0Pw==",
      "dev": true,
      "requires": {
        "@codemirror/language": "^0.19.0",
        "@codemirror/rangeset": "^0.19.0",
        "@codemirror/state": "^0.19.0",
        "@codemirror/view": "^0.19.0",
        "@lezer/common": "^0.15.0",
        "style-mod": "^4.0.0"
      }
    },
    "@codemirror/lang-python": {
      "version": "0.19.2",
      "resolved": "https://registry.npmjs.org/@codemirror/lang-python/-/lang-python-0.19.2.tgz",
      "integrity": "sha512-qeDymHL97+pNxFiDrtaMFvd/dActt7sZjebPnrc8T2V1CcBkc2YkcaxEOD5dssM/rQ9dG9LqON/Nbk2fIxcapA==",
      "dev": true,
      "requires": {
        "@codemirror/highlight": "^0.19.0",
        "@codemirror/language": "^0.19.0",
        "@lezer/python": "^0.15.0"
      }
    },
    "@codemirror/language": {
      "version": "0.19.2",
      "resolved": "https://registry.npmjs.org/@codemirror/language/-/language-0.19.2.tgz",
      "integrity": "sha512-Zz/gVezTknHhH2HcaMsYauxz06+3+IFU0nhhZmdTMcGbDL/ryQI2R543k9Zc58wA31lGa6uN+JzpZynEcGBwMQ==",
      "dev": true,
      "requires": {
        "@codemirror/state": "^0.19.0",
        "@codemirror/text": "^0.19.0",
        "@codemirror/view": "^0.19.0",
        "@lezer/common": "^0.15.0",
        "@lezer/lr": "^0.15.0"
      }
    },
    "@codemirror/rangeset": {
      "version": "0.19.1",
      "resolved": "https://registry.npmjs.org/@codemirror/rangeset/-/rangeset-0.19.1.tgz",
      "integrity": "sha512-WaKTEw8JB/3QFlQzpdgRoklopcWvG8O/Xp+rxxOfFKYTaeaejpY/tjpyBBg+Ea65Ka3m7+pPp9d5j/oR2rd9NA==",
      "dev": true,
      "requires": {
        "@codemirror/state": "^0.19.0"
      }
    },
    "@codemirror/state": {
      "version": "0.19.1",
      "resolved": "https://registry.npmjs.org/@codemirror/state/-/state-0.19.1.tgz",
      "integrity": "sha512-5NR6/h+pVp7d77F4rLpNWcYvARCvqXa1uayoNx06d1aEm6wy/K+3lxTg7taB/qaEKd+oCsSHjRL8oSE1Fm+nsw==",
      "dev": true,
      "requires": {
        "@codemirror/text": "^0.19.0"
      }
    },
    "@codemirror/text": {
      "version": "0.19.2",
      "resolved": "https://registry.npmjs.org/@codemirror/text/-/text-0.19.2.tgz",
      "integrity": "sha512-nxMSwcMLan5OSfoK5cFrCeRWGq2mx/hUdybcP0XHbfM9l00xi9loJGo4bfZs8PJCEgF8LyEYVta+7yDzZAzHUw==",
      "dev": true
    },
    "@codemirror/view": {
      "version": "0.19.4",
      "resolved": "https://registry.npmjs.org/@codemirror/view/-/view-0.19.4.tgz",
      "integrity": "sha512-yfJ6zdxQOnNIkZqrAyPPdU1/qeucjp5NzvfZfrI1X5niWvwd8re/o9MUeG+nvOmtac+uKmXYUU9dRZUFCAOcaQ==",
      "dev": true,
      "requires": {
        "@codemirror/rangeset": "^0.19.0",
        "@codemirror/state": "^0.19.0",
        "@codemirror/text": "^0.19.0",
        "style-mod": "^4.0.0",
        "w3c-keyname": "^2.2.4"
      }
    },
    "@lezer/common": {
      "version": "0.15.4",
      "resolved": "https://registry.npmjs.org/@lezer/common/-/common-0.15.4.tgz",
      "integrity": "sha512-+n/fKtcvw2qp/WIaZCR2HNzoB70Pwa9hQ8xFU86sDbZr9PYf2HX0qaG3N9Q/XCQHJeaB+GOh/XY9jHMWw4h6Ow==",
      "dev": true
    },
    "@lezer/lr": {
      "version": "0.15.2",
      "resolved": "https://registry.npmjs.org/@lezer/lr/-/lr-0.15.2.tgz",
      "integrity": "sha512-gkQUkKCAw/zxOiTCGhjctV/C+FPmfwqXscM9EGgcYhUZewkLu2AsEl2Vlcral7xtDU0t6xwakT6Fw5jlMvMX6Q==",
      "dev": true,
      "requires": {
        "@lezer/common": "^0.15.0"
      }
    },
    "@lezer/python": {
      "version": "0.15.0",
      "resolved": "https://registry.npmjs.org/@lezer/python/-/python-0.15.0.tgz",
      "integrity": "sha512-KkbNfjLZCs/Ibx+3mekGu31qz+zCVkXHL+oNftRxB/lsINlz25SURR5z6wb94JpJt0yDFCEtn/2siAUybLOXiA==",
      "dev": true,
      "requires": {
        "@lezer/lr": "^0.15.0"
      }
    },
    "style-mod": {
      "version": "4.0.0",
      "resolved": "https://registry.npmjs.org/style-mod/-/style-mod-4.0.0.tgz",
      "integrity": "sha512-OPhtyEjyyN9x3nhPsu76f52yUGXiZcgvsrFVtvTkyGRQJ0XK+GPc6ov1z+lRpbeabka+MYEQxOYRnt5nF30aMw==",
      "dev": true
    },
    "w3c-keyname": {
      "version": "2.2.4",
      "resolved": "https://registry.npmjs.org/w3c-keyname/-/w3c-keyname-2.2.4.tgz",
      "integrity": "sha512-tOhfEwEzFLJzf6d1ZPkYfGj+FWhIpBux9ppoP3rlclw3Z0BZv3N7b7030Z1kYth+6rDuAsXUFr+d0VE6Ed1ikw==",
      "dev": true
    }
  }
}
